// !$*UTF8*$!
{
	archiveVersion = 1;
	classes = {
	};
	objectVersion = 46;
	objects = {

/* Begin PBXBuildFile section */
		0536A5131DE5273700ECC085 /* PassXMLParse.swift in Sources */ = {isa = PBXBuildFile; fileRef = 0536A5121DE5273700ECC085 /* PassXMLParse.swift */; };
		0536A5151DE5D11800ECC085 /* DataManager.swift in Sources */ = {isa = PBXBuildFile; fileRef = 0536A5141DE5D11800ECC085 /* DataManager.swift */; };
		059F878B1DE472B50065CF3D /* main.swift in Sources */ = {isa = PBXBuildFile; fileRef = 059F878A1DE472B50065CF3D /* main.swift */; };
		059F87921DE473120065CF3D /* FileOperate.swift in Sources */ = {isa = PBXBuildFile; fileRef = 059F87911DE473120065CF3D /* FileOperate.swift */; };
/* End PBXBuildFile section */

/* Begin PBXCopyFilesBuildPhase section */
		059F87851DE472B50065CF3D /* CopyFiles */ = {
			isa = PBXCopyFilesBuildPhase;
			buildActionMask = 2147483647;
			dstPath = /usr/share/man/man1/;
			dstSubfolderSpec = 0;
			files = (
			);
			runOnlyForDeploymentPostprocessing = 1;
		};
/* End PBXCopyFilesBuildPhase section */

/* Begin PBXFileReference section */
		0536A5121DE5273700ECC085 /* PassXMLParse.swift */ = {isa = PBXFileReference; fileEncoding = 4; lastKnownFileType = sourcecode.swift; name = PassXMLParse.swift; path = ../PassXMLParse.swift; sourceTree = "<group>"; };
		0536A5141DE5D11800ECC085 /* DataManager.swift */ = {isa = PBXFileReference; fileEncoding = 4; lastKnownFileType = sourcecode.swift; path = DataManager.swift; sourceTree = "<group>"; };
		059F87871DE472B50065CF3D /* TestFile */ = {isa = PBXFileReference; explicitFileType = "compiled.mach-o.executable"; includeInIndex = 0; path = TestFile; sourceTree = BUILT_PRODUCTS_DIR; };
		059F878A1DE472B50065CF3D /* main.swift */ = {isa = PBXFileReference; lastKnownFileType = sourcecode.swift; path = main.swift; sourceTree = "<group>"; };
		059F87911DE473120065CF3D /* FileOperate.swift */ = {isa = PBXFileReference; fileEncoding = 4; lastKnownFileType = sourcecode.swift; path = FileOperate.swift; sourceTree = "<group>"; };
/* End PBXFileReference section */

/* Begin PBXFrameworksBuildPhase section */
		059F87841DE472B50065CF3D /* Frameworks */ = {
			isa = PBXFrameworksBuildPhase;
			buildActionMask = 2147483647;
			files = (
			);
			runOnlyForDeploymentPostprocessing = 0;
		};
/* End PBXFrameworksBuildPhase section */

/* Begin PBXGroup section */
		059F877E1DE472B50065CF3D = {
			isa = PBXGroup;
			children = (
				059F87891DE472B50065CF3D /* TestFile */,
				059F87881DE472B50065CF3D /* Products */,
			);
			sourceTree = "<group>";
		};
		059F87881DE472B50065CF3D /* Products */ = {
			isa = PBXGroup;
			children = (
				059F87871DE472B50065CF3D /* TestFile */,
			);
			name = Products;
			sourceTree = "<group>";
		};
		059F87891DE472B50065CF3D /* TestFile */ = {
			isa = PBXGroup;
			children = (
				0536A5121DE5273700ECC085 /* PassXMLParse.swift */,
				059F878A1DE472B50065CF3D /* main.swift */,
				059F87911DE473120065CF3D /* FileOperate.swift */,
				0536A5141DE5D11800ECC085 /* DataManager.swift */,
			);
			path = TestFile;
			sourceTree = "<group>";
		};
/* End PBXGroup section */

/* Begin PBXNativeTarget section */
		059F87861DE472B50065CF3D /* TestFile */ = {
			isa = PBXNativeTarget;
			buildConfigurationList = 059F878E1DE472B50065CF3D /* Build configuration list for PBXNativeTarget "TestFile" */;
			buildPhases = (
				059F87831DE472B50065CF3D /* Sources */,
				059F87841DE472B50065CF3D /* Frameworks */,
				059F87851DE472B50065CF3D /* CopyFiles */,
			);
			buildRules = (
			);
			dependencies = (
			);
			name = TestFile;
			productName = TestFile;
			productReference = 059F87871DE472B50065CF3D /* TestFile */;
			productType = "com.apple.product-type.tool";
		};
/* End PBXNativeTarget section */

/* Begin PBXProject section */
		059F877F1DE472B50065CF3D /* Project object */ = {
			isa = PBXProject;
			attributes = {
				LastSwiftUpdateCheck = 0800;
				LastUpgradeCheck = 0800;
				ORGANIZATIONNAME = yztgx;
				TargetAttributes = {
					059F87861DE472B50065CF3D = {
						CreatedOnToolsVersion = 8.0;
						ProvisioningStyle = Automatic;
					};
				};
			};
			buildConfigurationList = 059F87821DE472B50065CF3D /* Build configuration list for PBXProject "TestFile" */;
			compatibilityVersion = "Xcode 3.2";
			developmentRegion = English;
			hasScannedForEncodings = 0;
			knownRegions = (
				en,
			);
			mainGroup = 059F877E1DE472B50065CF3D;
			productRefGroup = 059F87881DE472B50065CF3D /* Products */;
			projectDirPath = "";
			projectRoot = "";
			targets = (
				059F87861DE472B50065CF3D /* TestFile */,
			);
		};
/* End PBXProject section */

/* Begin PBXSourcesBuildPhase section */
		059F87831DE472B50065CF3D /* Sources */ = {
			isa = PBXSourcesBuildPhase;
			buildActionMask = 2147483647;
			files = (
				059F87921DE473120065CF3D /* FileOperate.swift in Sources */,
				0536A5151DE5D11800ECC085 /* DataManager.swift in Sources */,
				059F878B1DE472B50065CF3D /* main.swift in Sources */,
				0536A5131DE5273700ECC085 /* PassXMLParse.swift in Sources */,
			);
			runOnlyForDeploymentPostprocessing = 0;
		};
/* End PBXSourcesBuildPhase section */

/* Begin XCBuildConfiguration section */
		059F878C1DE472B50065CF3D /* Debug */ = {
			isa = XCBuildConfiguration;
			buildSettings = {
				ALWAYS_SEARCH_USER_PATHS = NO;
				CLANG_ANALYZER_NONNULL = YES;
				CLANG_CXX_LANGUAGE_STANDARD = "gnu++0x";
				CLANG_CXX_LIBRARY = "libc++";
				CLANG_ENABLE_MODULES = YES;
				CLANG_ENABLE_OBJC_ARC = YES;
				CLANG_WARN_BOOL_CONVERSION = YES;
				CLANG_WARN_CONSTANT_CONVERSION = YES;
				CLANG_WARN_DIRECT_OBJC_ISA_USAGE = YES_ERROR;
				CLANG_WARN_DOCUMENTATION_COMMENTS = YES;
				CLANG_WARN_EMPTY_BODY = YES;
				CLANG_WARN_ENUM_CONVERSION = YES;
				CLANG_WARN_INFINITE_RECURSION = YES;
				CLANG_WARN_INT_CONVERSION = YES;
				CLANG_WARN_OBJC_ROOT_CLASS = YES_ERROR;
				CLANG_WARN_SUSPICIOUS_MOVES = YES;
				CLANG_WARN_UNREACHABLE_CODE = YES;
				CLANG_WARN__DUPLICATE_METHOD_MATCH = YES;
				CODE_SIGN_IDENTITY = "-";
				COPY_PHASE_STRIP = NO;
				DEBUG_INFORMATION_FORMAT = dwarf;
				ENABLE_STRICT_OBJC_MSGSEND = YES;
				ENABLE_TESTABILITY = YES;
				GCC_C_LANGUAGE_STANDARD = gnu99;
				GCC_DYNAMIC_NO_PIC = NO;
				GCC_NO_COMMON_BLOCKS = YES;
				GCC_OPTIMIZATION_LEVEL = 0;
				GCC_PREPROCESSOR_DEFINITIONS = (
					"DEBUG=1",
					"$(inherited)",
				);
				GCC_WARN_64_TO_32_BIT_CONVERSION = YES;
				GCC_WARN_ABOUT_RETURN_TYPE = YES_ERROR;
				GCC_WARN_UNDECLARED_SELECTOR = YES;
				GCC_WARN_UNINITIALIZED_AUTOS = YES_AGGRESSIVE;
				GCC_WARN_UNUSED_FUNCTION = YES;
				GCC_WARN_UNUSED_VARIABLE = YES;
				MACOSX_DEPLOYMENT_TARGET = 10.11;
				MTL_ENABLE_DEBUG_INFO = YES;
				ONLY_ACTIVE_ARCH = YES;
				SDKROOT = macosx;
				SWIFT_OPTIMIZATION_LEVEL = "-Onone";
			};
			name = Debug;
		};
		059F878D1DE472B50065CF3D /* Release */ = {
			isa = XCBuildConfiguration;
			buildSettings = {
				ALWAYS_SEARCH_USER_PATHS = NO;
				CLANG_ANALYZER_NONNULL = YES;
				CLANG_CXX_LANGUAGE_STANDARD = "gnu++0x";
				CLANG_CXX_LIBRARY = "libc++";
				CLANG_ENABLE_MODULES = YES;
				CLANG_ENABLE_OBJC_ARC = YES;
				CLANG_WARN_BOOL_CONVERSION = YES;
				CLANG_WARN_CONSTANT_CONVERSION = YES;
				CLANG_WARN_DIRECT_OBJC_ISA_USAGE = YES_ERROR;
				CLANG_WARN_DOCUMENTATION_COMMENTS = YES;
				CLANG_WARN_EMPTY_BODY = YES;
				CLANG_WARN_ENUM_CONVERSION = YES;
				CLANG_WARN_INFINITE_RECURSION = YES;
				CLANG_WARN_INT_CONVERSION = YES;
				CLANG_WARN_OBJC_ROOT_CLASS = YES_ERROR;
				CLANG_WARN_SUSPICIOUS_MOVES = YES;
				CLANG_WARN_UNREACHABLE_CODE = YES;
				CLANG_WARN__DUPLICATE_METHOD_MATCH = YES;
				CODE_SIGN_IDENTITY = "-";
				COPY_PHASE_STRIP = NO;
				DEBUG_INFORMATION_FORMAT = "dwarf-with-dsym";
				ENABLE_NS_ASSERTIONS = NO;
				ENABLE_STRICT_OBJC_MSGSEND = YES;
				GCC_C_LANGUAGE_STANDARD = gnu99;
				GCC_NO_COMMON_BLOCKS = YES;
				GCC_WARN_64_TO_32_BIT_CONVERSION = YES;
				GCC_WARN_ABOUT_RETURN_TYPE = YES_ERROR;
				GCC_WARN_UNDECLARED_SELECTOR = YES;
				GCC_WARN_UNINITIALIZED_AUTOS = YES_AGGRESSIVE;
				GCC_WARN_UNUSED_FUNCTION = YES;
				GCC_WARN_UNUSED_VARIABLE = YES;
				MACOSX_DEPLOYMENT_TARGET = 10.11;
				MTL_ENABLE_DEBUG_INFO = NO;
				SDKROOT = macosx;
			};
			name = Release;
		};
		059F878F1DE472B50065CF3D /* Debug */ = {
			isa = XCBuildConfiguration;
			buildSettings = {
				PRODUCT_NAME = "$(TARGET_NAME)";
				SWIFT_VERSION = 3.0;
			};
			name = Debug;
		};
		059F87901DE472B50065CF3D /* Release */ = {
			isa = XCBuildConfiguration;
			buildSettings = {
				PRODUCT_NAME = "$(TARGET_NAME)";
				SWIFT_VERSION = 3.0;
			};
			name = Release;
		};
/* End XCBuildConfiguration section */

/* Begin XCConfigurationList section */
		059F87821DE472B50065CF3D /* Build configuration list for PBXProject "TestFile" */ = {
			isa = XCConfigurationList;
			buildConfigurations = (
				059F878C1DE472B50065CF3D /* Debug */,
				059F878D1DE472B50065CF3D /* Release */,
			);
			defaultConfigurationIsVisible = 0;
			defaultConfigurationName = Release;
		};
		059F878E1DE472B50065CF3D /* Build configuration list for PBXNativeTarget "TestFile" */ = {
			isa = XCConfigurationList;
			buildConfigurations = (
				059F878F1DE472B50065CF3D /* Debug */,
				059F87901DE472B50065CF3D /* Release */,
			);
			defaultConfigurationIsVisible = 0;
			defaultConfigurationName = Release;
		};
/* End XCConfigurationList section */
	};
	rootObject = 059F877F1DE472B50065CF3D /* Project object */;
}
